# @generated by Move, please check-in and do not edit manually.

[move]
version = 3
manifest_digest = "4BF2270CE003B27077C2301864ED97CDC5A30E46F0179D32F84F3F619558B8C1"
deps_digest = "3C4103934B1E040BB6B23F1D610B4EF9F2F1166A50A104EADCF77467C004C600"
dependencies = [
  { id = "Sui", name = "Sui" },
  { id = "Suinaut", name = "Suinaut" },
]

[[move.package]]
id = "MoveStdlib"
source = { git = "https://github.com/MystenLabs/sui", rev = "framework/devnet", subdir = "crates/sui-framework/packages/move-stdlib" }

[[move.package]]
id = "Sui"
source = { git = "https://github.com/MystenLabs/sui", rev = "framework/devnet", subdir = "crates/sui-framework/packages/sui-framework" }

dependencies = [
  { id = "MoveStdlib", name = "MoveStdlib" },
]

[[move.package]]
id = "Suinaut"
source = { local = "../../sui_contracts" }

dependencies = [
  { id = "MoveStdlib", name = "MoveStdlib" },
  { id = "Sui", name = "Sui" },
]

[move.toolchain-version]
compiler-version = "1.36.1"
edition = "2024.beta"
flavor = "sui"

[env]

[env.local]
chain-id = "42cdc7ba"
original-published-id = "0x7fa473b018c2455f115785394437db9edbaa88338855774b6468eaa4aa9e5e6e"
latest-published-id = "0x7fa473b018c2455f115785394437db9edbaa88338855774b6468eaa4aa9e5e6e"
published-version = "1"
