# @generated by Move, please check-in and do not edit manually.

[move]
version = 3
manifest_digest = "8608C4B675147506DC08935BB40B23FC3BB27E630427C50D429E481046270B6E"
deps_digest = "3C4103934B1E040BB6B23F1D610B4EF9F2F1166A50A104EADCF77467C004C600"
dependencies = [
  { id = "MoveStdlib", name = "MoveStdlib" },
  { id = "Sui", name = "Sui" },
]

[[move.package]]
id = "MoveStdlib"
source = { git = "https://github.com/MystenLabs/sui", rev = "framework/devnet", subdir = "crates/sui-framework/packages/move-stdlib" }

[[move.package]]
id = "Sui"
source = { git = "https://github.com/MystenLabs/sui", rev = "framework/devnet", subdir = "crates/sui-framework/packages/sui-framework" }

dependencies = [
  { id = "MoveStdlib", name = "MoveStdlib" },
]

[move.toolchain-version]
compiler-version = "1.40.1"
edition = "2024"
flavor = "sui"

[env]

[env.testnet]
chain-id = "4c78adac"
original-published-id = "0xfc4f7217174baa8d69ded80b2502bf33a874413941ed87a6092e90e275eb5a1a"
latest-published-id = "0xfc4f7217174baa8d69ded80b2502bf33a874413941ed87a6092e90e275eb5a1a"
published-version = "1"
