# @generated by Move, please check-in and do not edit manually.

[move]
version = 3
manifest_digest = "C4117F23E5381EC2FFE1F8B143E817ECC7027A703E0D1F7FAF3D1C47A82EEB92"
deps_digest = "3C4103934B1E040BB6B23F1D610B4EF9F2F1166A50A104EADCF77467C004C600"
dependencies = [
  { id = "MoveStdlib", name = "MoveStdlib" },
  { id = "Sui", name = "Sui" },
]

[[move.package]]
id = "MoveStdlib"
source = { git = "https://github.com/MystenLabs/sui", rev = "framework/devnet", subdir = "crates/sui-framework/packages/move-stdlib" }

[[move.package]]
id = "Sui"
source = { git = "https://github.com/MystenLabs/sui", rev = "framework/devnet", subdir = "crates/sui-framework/packages/sui-framework" }

dependencies = [
  { id = "MoveStdlib", name = "MoveStdlib" },
]

[move.toolchain-version]
compiler-version = "1.36.1"
edition = "2024.beta"
flavor = "sui"

[env]

[env.local]
chain-id = "d03f8a24"
original-published-id = "0x5e87e56f7770a0ac12dab71d8649b918ab7ade7a4200c25be4a8094d0afa0d50"
latest-published-id = "0x5e87e56f7770a0ac12dab71d8649b918ab7ade7a4200c25be4a8094d0afa0d50"
published-version = "1"
