# @generated by Move, please check-in and do not edit manually.

[move]
version = 3
manifest_digest = "7037AFE225C35798BDD6FBD9D5043390FFF21B143E3750A8F79ECFC181BF7FF9"
deps_digest = "3C4103934B1E040BB6B23F1D610B4EF9F2F1166A50A104EADCF77467C004C600"
dependencies = [
  { id = "MoveStdlib", name = "MoveStdlib" },
  { id = "Sui", name = "Sui" },
]

[[move.package]]
id = "MoveStdlib"
source = { git = "https://github.com/MystenLabs/sui", rev = "framework/devnet", subdir = "crates/sui-framework/packages/move-stdlib" }

[[move.package]]
id = "Sui"
source = { git = "https://github.com/MystenLabs/sui", rev = "framework/devnet", subdir = "crates/sui-framework/packages/sui-framework" }

dependencies = [
  { id = "MoveStdlib", name = "MoveStdlib" },
]

[move.toolchain-version]
compiler-version = "1.39.3"
edition = "2024"
flavor = "sui"

[env]

[env.local]
chain-id = "9fb8af6f"
original-published-id = "0xefe3b68340c40b2ce0b652a9f3926a640a302c30c73892770d8f5ed350f20c23"
latest-published-id = "0xefe3b68340c40b2ce0b652a9f3926a640a302c30c73892770d8f5ed350f20c23"
published-version = "1"
