# @generated by Move, please check-in and do not edit manually.

[move]
version = 3
manifest_digest = "D3BF8C841D616BEBE5D94A27D5E943B511CE384C35EF53BA2A43A57F65CDF25C"
deps_digest = "3C4103934B1E040BB6B23F1D610B4EF9F2F1166A50A104EADCF77467C004C600"
dependencies = [
  { id = "MoveStdlib", name = "MoveStdlib" },
  { id = "Sui", name = "Sui" },
]

[[move.package]]
id = "MoveStdlib"
source = { git = "https://github.com/MystenLabs/sui", rev = "framework/devnet", subdir = "crates/sui-framework/packages/move-stdlib" }

[[move.package]]
id = "Sui"
source = { git = "https://github.com/MystenLabs/sui", rev = "framework/devnet", subdir = "crates/sui-framework/packages/sui-framework" }

dependencies = [
  { id = "MoveStdlib", name = "MoveStdlib" },
]

[move.toolchain-version]
compiler-version = "1.35.0"
edition = "2024.beta"
flavor = "sui"

[env]

[env.local]
<<<<<<< HEAD
chain-id = "123fcbc2"
original-published-id = "0x0c2e26b341c3e98162e9f05da304f2f313d5c9acbd696f9eda68c2102671bb86"
latest-published-id = "0x0c2e26b341c3e98162e9f05da304f2f313d5c9acbd696f9eda68c2102671bb86"
=======
chain-id = "365815d7"
original-published-id = "0xc30867e30d91063380ebe585a53de4914b4096c4c8dabd6b193c5f5191fafeb8"
latest-published-id = "0xc30867e30d91063380ebe585a53de4914b4096c4c8dabd6b193c5f5191fafeb8"
>>>>>>> origin/main
published-version = "1"
